
Microsoft Visual Studio Solution File, Format Version 12.00
# Visual Studio Version 17
VisualStudioVersion = 17.4.33213.308
MinimumVisualStudioVersion = 10.0.40219.1
Project("{FAE04EC0-301F-11D3-BF4B-00C04F79EFBC}") = "FractionCalculator", "FractionCalculator.csproj", "{8C8C56CA-8775-47E3-BC26-9494893B1234}"
EndProject
Global
	GlobalSection(SolutionConfigurationPlatforms) = preSolution
		Debug|Any CPU = Debug|Any CPU
		Release|Any CPU = Release|Any CPU
	EndGlobalSection
	GlobalSection(ProjectConfigurationPlatforms) = postSolution
		{8C8C56CA-8775-47E3-BC26-9494893B1234}.Debug|Any CPU.ActiveCfg = Debug|Any CPU
		{8C8C56CA-8775-47E3-BC26-9494893B1234}.Debug|Any CPU.Build.0 = Debug|Any CPU
		{8C8C56CA-8775-47E3-BC26-9494893B1234}.Release|Any CPU.ActiveCfg = Release|Any CPU
		{8C8C56CA-8775-47E3-BC26-9494893B1234}.Release|Any CPU.Build.0 = Release|Any CPU
	EndGlobalSection
	GlobalSection(SolutionProperties) = preSolution
		HideSolutionNode = FALSE
	EndGlobalSection
	GlobalSection(ExtensibilityGlobals) = postSolution
		SolutionGuid = {EB28E906-309A-45F6-9870-9031CBC0B8CE}
	EndGlobalSection
EndGlobal
